// !$*UTF8*$!
{
	archiveVersion = 1;
	classes = {
	};
	objectVersion = 50;
	objects = {

/* Begin PBXBuildFile section */
		F58862042494D0BF007AEAC6 /* KeyboardSettings.swift in Sources */ = {isa = PBXBuildFile; fileRef = F58862032494D0BF007AEAC6 /* KeyboardSettings.swift */; };
		F5F5947E249272BB00B05445 /* AppDelegate.swift in Sources */ = {isa = PBXBuildFile; fileRef = F5F5947D249272BB00B05445 /* AppDelegate.swift */; };
		F5F59480249272BB00B05445 /* SceneDelegate.swift in Sources */ = {isa = PBXBuildFile; fileRef = F5F5947F249272BB00B05445 /* SceneDelegate.swift */; };
		F5F59482249272BB00B05445 /* RegistrationFormView.swift in Sources */ = {isa = PBXBuildFile; fileRef = F5F59481249272BB00B05445 /* RegistrationFormView.swift */; };
		F5F59484249272BC00B05445 /* Assets.xcassets in Resources */ = {isa = PBXBuildFile; fileRef = F5F59483249272BC00B05445 /* Assets.xcassets */; };
		F5F59487249272BC00B05445 /* Preview Assets.xcassets in Resources */ = {isa = PBXBuildFile; fileRef = F5F59486249272BC00B05445 /* Preview Assets.xcassets */; };
		F5F5948A249272BC00B05445 /* LaunchScreen.storyboard in Resources */ = {isa = PBXBuildFile; fileRef = F5F59488249272BC00B05445 /* LaunchScreen.storyboard */; };
		F5F5949224927F1200B05445 /* Settings.swift in Sources */ = {isa = PBXBuildFile; fileRef = F5F5949124927F1200B05445 /* Settings.swift */; };
/* End PBXBuildFile section */

/* Begin PBXFileReference section */
		F58862032494D0BF007AEAC6 /* KeyboardSettings.swift */ = {isa = PBXFileReference; lastKnownFileType = sourcecode.swift; path = KeyboardSettings.swift; sourceTree = "<group>"; };
		F5F5947A249272BB00B05445 /* RegistrationFormSwiftUICombine.app */ = {isa = PBXFileReference; explicitFileType = wrapper.application; includeInIndex = 0; path = RegistrationFormSwiftUICombine.app; sourceTree = BUILT_PRODUCTS_DIR; };
		F5F5947D249272BB00B05445 /* AppDelegate.swift */ = {isa = PBXFileReference; lastKnownFileType = sourcecode.swift; path = AppDelegate.swift; sourceTree = "<group>"; };
		F5F5947F249272BB00B05445 /* SceneDelegate.swift */ = {isa = PBXFileReference; lastKnownFileType = sourcecode.swift; path = SceneDelegate.swift; sourceTree = "<group>"; };
		F5F59481249272BB00B05445 /* RegistrationFormView.swift */ = {isa = PBXFileReference; lastKnownFileType = sourcecode.swift; path = RegistrationFormView.swift; sourceTree = "<group>"; };
		F5F59483249272BC00B05445 /* Assets.xcassets */ = {isa = PBXFileReference; lastKnownFileType = folder.assetcatalog; path = Assets.xcassets; sourceTree = "<group>"; };
		F5F59486249272BC00B05445 /* Preview Assets.xcassets */ = {isa = PBXFileReference; lastKnownFileType = folder.assetcatalog; path = "Preview Assets.xcassets"; sourceTree = "<group>"; };
		F5F59489249272BC00B05445 /* Base */ = {isa = PBXFileReference; lastKnownFileType = file.storyboard; name = Base; path = Base.lproj/LaunchScreen.storyboard; sourceTree = "<group>"; };
		F5F5948B249272BC00B05445 /* Info.plist */ = {isa = PBXFileReference; lastKnownFileType = text.plist.xml; path = Info.plist; sourceTree = "<group>"; };
		F5F5949124927F1200B05445 /* Settings.swift */ = {isa = PBXFileReference; lastKnownFileType = sourcecode.swift; path = Settings.swift; sourceTree = "<group>"; };
/* End PBXFileReference section */

/* Begin PBXFrameworksBuildPhase section */
		F5F59477249272BB00B05445 /* Frameworks */ = {
			isa = PBXFrameworksBuildPhase;
			buildActionMask = 2147483647;
			files = (
			);
			runOnlyForDeploymentPostprocessing = 0;
		};
/* End PBXFrameworksBuildPhase section */

/* Begin PBXGroup section */
		F5F59471249272BB00B05445 = {
			isa = PBXGroup;
			children = (
				F5F5947C249272BB00B05445 /* RegistrationFormSwiftUICombine */,
				F5F5947B249272BB00B05445 /* Products */,
			);
			sourceTree = "<group>";
		};
		F5F5947B249272BB00B05445 /* Products */ = {
			isa = PBXGroup;
			children = (
				F5F5947A249272BB00B05445 /* RegistrationFormSwiftUICombine.app */,
			);
			name = Products;
			sourceTree = "<group>";
		};
		F5F5947C249272BB00B05445 /* RegistrationFormSwiftUICombine */ = {
			isa = PBXGroup;
			children = (
				F5F5947D249272BB00B05445 /* AppDelegate.swift */,
				F5F5947F249272BB00B05445 /* SceneDelegate.swift */,
				F58862032494D0BF007AEAC6 /* KeyboardSettings.swift */,
				F5F5949124927F1200B05445 /* Settings.swift */,
				F5F59481249272BB00B05445 /* RegistrationFormView.swift */,
				F5F59483249272BC00B05445 /* Assets.xcassets */,
				F5F59488249272BC00B05445 /* LaunchScreen.storyboard */,
				F5F5948B249272BC00B05445 /* Info.plist */,
				F5F59485249272BC00B05445 /* Preview Content */,
			);
			path = RegistrationFormSwiftUICombine;
			sourceTree = "<group>";
		};
		F5F59485249272BC00B05445 /* Preview Content */ = {
			isa = PBXGroup;
			children = (
				F5F59486249272BC00B05445 /* Preview Assets.xcassets */,
			);
			path = "Preview Content";
			sourceTree = "<group>";
		};
/* End PBXGroup section */

/* Begin PBXNativeTarget section */
		F5F59479249272BB00B05445 /* RegistrationFormSwiftUICombine */ = {
			isa = PBXNativeTarget;
			buildConfigurationList = F5F5948E249272BC00B05445 /* Build configuration list for PBXNativeTarget "RegistrationFormSwiftUICombine" */;
			buildPhases = (
				F5F59476249272BB00B05445 /* Sources */,
				F5F59477249272BB00B05445 /* Frameworks */,
				F5F59478249272BB00B05445 /* Resources */,
			);
			buildRules = (
			);
			dependencies = (
			);
			name = RegistrationFormSwiftUICombine;
			productName = RegistrationFormSwiftUICombine;
			productReference = F5F5947A249272BB00B05445 /* RegistrationFormSwiftUICombine.app */;
			productType = "com.apple.product-type.application";
		};
/* End PBXNativeTarget section */

/* Begin PBXProject section */
		F5F59472249272BB00B05445 /* Project object */ = {
			isa = PBXProject;
			attributes = {
				LastSwiftUpdateCheck = 1140;
				LastUpgradeCheck = 1140;
				ORGANIZATIONNAME = Vlad;
				TargetAttributes = {
					F5F59479249272BB00B05445 = {
						CreatedOnToolsVersion = 11.4.1;
					};
				};
			};
			buildConfigurationList = F5F59475249272BB00B05445 /* Build configuration list for PBXProject "RegistrationFormSwiftUICombine" */;
			compatibilityVersion = "Xcode 9.3";
			developmentRegion = en;
			hasScannedForEncodings = 0;
			knownRegions = (
				en,
				Base,
			);
			mainGroup = F5F59471249272BB00B05445;
			productRefGroup = F5F5947B249272BB00B05445 /* Products */;
			projectDirPath = "";
			projectRoot = "";
			targets = (
				F5F59479249272BB00B05445 /* RegistrationFormSwiftUICombine */,
			);
		};
/* End PBXProject section */

/* Begin PBXResourcesBuildPhase section */
		F5F59478249272BB00B05445 /* Resources */ = {
			isa = PBXResourcesBuildPhase;
			buildActionMask = 2147483647;
			files = (
				F5F5948A249272BC00B05445 /* LaunchScreen.storyboard in Resources */,
				F5F59487249272BC00B05445 /* Preview Assets.xcassets in Resources */,
				F5F59484249272BC00B05445 /* Assets.xcassets in Resources */,
			);
			runOnlyForDeploymentPostprocessing = 0;
		};
/* End PBXResourcesBuildPhase section */

/* Begin PBXSourcesBuildPhase section */
		F5F59476249272BB00B05445 /* Sources */ = {
			isa = PBXSourcesBuildPhase;
			buildActionMask = 2147483647;
			files = (
				F5F5947E249272BB00B05445 /* AppDelegate.swift in Sources */,
				F5F59480249272BB00B05445 /* SceneDelegate.swift in Sources */,
				F5F5949224927F1200B05445 /* Settings.swift in Sources */,
				F58862042494D0BF007AEAC6 /* KeyboardSettings.swift in Sources */,
				F5F59482249272BB00B05445 /* RegistrationFormView.swift in Sources */,
			);
			runOnlyForDeploymentPostprocessing = 0;
		};
/* End PBXSourcesBuildPhase section */

/* Begin PBXVariantGroup section */
		F5F59488249272BC00B05445 /* LaunchScreen.storyboard */ = {
			isa = PBXVariantGroup;
			children = (
				F5F59489249272BC00B05445 /* Base */,
			);
			name = LaunchScreen.storyboard;
			sourceTree = "<group>";
		};
/* End PBXVariantGroup section */

/* Begin XCBuildConfiguration section */
		F5F5948C249272BC00B05445 /* Debug */ = {
			isa = XCBuildConfiguration;
			buildSettings = {
				ALWAYS_SEARCH_USER_PATHS = NO;
				CLANG_ANALYZER_NONNULL = YES;
				CLANG_ANALYZER_NUMBER_OBJECT_CONVERSION = YES_AGGRESSIVE;
				CLANG_CXX_LANGUAGE_STANDARD = "gnu++14";
				CLANG_CXX_LIBRARY = "libc++";
				CLANG_ENABLE_MODULES = YES;
				CLANG_ENABLE_OBJC_ARC = YES;
				CLANG_ENABLE_OBJC_WEAK = YES;
				CLANG_WARN_BLOCK_CAPTURE_AUTORELEASING = YES;
				CLANG_WARN_BOOL_CONVERSION = YES;
				CLANG_WARN_COMMA = YES;
				CLANG_WARN_CONSTANT_CONVERSION = YES;
				CLANG_WARN_DEPRECATED_OBJC_IMPLEMENTATIONS = YES;
				CLANG_WARN_DIRECT_OBJC_ISA_USAGE = YES_ERROR;
				CLANG_WARN_DOCUMENTATION_COMMENTS = YES;
				CLANG_WARN_EMPTY_BODY = YES;
				CLANG_WARN_ENUM_CONVERSION = YES;
				CLANG_WARN_INFINITE_RECURSION = YES;
				CLANG_WARN_INT_CONVERSION = YES;
				CLANG_WARN_NON_LITERAL_NULL_CONVERSION = YES;
				CLANG_WARN_OBJC_IMPLICIT_RETAIN_SELF = YES;
				CLANG_WARN_OBJC_LITERAL_CONVERSION = YES;
				CLANG_WARN_OBJC_ROOT_CLASS = YES_ERROR;
				CLANG_WARN_RANGE_LOOP_ANALYSIS = YES;
				CLANG_WARN_STRICT_PROTOTYPES = YES;
				CLANG_WARN_SUSPICIOUS_MOVE = YES;
				CLANG_WARN_UNGUARDED_AVAILABILITY = YES_AGGRESSIVE;
				CLANG_WARN_UNREACHABLE_CODE = YES;
				CLANG_WARN__DUPLICATE_METHOD_MATCH = YES;
				COPY_PHASE_STRIP = NO;
				DEBUG_INFORMATION_FORMAT = dwarf;
				ENABLE_STRICT_OBJC_MSGSEND = YES;
				ENABLE_TESTABILITY = YES;
				GCC_C_LANGUAGE_STANDARD = gnu11;
				GCC_DYNAMIC_NO_PIC = NO;
				GCC_NO_COMMON_BLOCKS = YES;
				GCC_OPTIMIZATION_LEVEL = 0;
				GCC_PREPROCESSOR_DEFINITIONS = (
					"DEBUG=1",
					"$(inherited)",
				);
				GCC_WARN_64_TO_32_BIT_CONVERSION = YES;
				GCC_WARN_ABOUT_RETURN_TYPE = YES_ERROR;
				GCC_WARN_UNDECLARED_SELECTOR = YES;
				GCC_WARN_UNINITIALIZED_AUTOS = YES_AGGRESSIVE;
				GCC_WARN_UNUSED_FUNCTION = YES;
				GCC_WARN_UNUSED_VARIABLE = YES;
				IPHONEOS_DEPLOYMENT_TARGET = 13.4;
				MTL_ENABLE_DEBUG_INFO = INCLUDE_SOURCE;
				MTL_FAST_MATH = YES;
				ONLY_ACTIVE_ARCH = YES;
				SDKROOT = iphoneos;
				SWIFT_ACTIVE_COMPILATION_CONDITIONS = DEBUG;
				SWIFT_OPTIMIZATION_LEVEL = "-Onone";
			};
			name = Debug;
		};
		F5F5948D249272BC00B05445 /* Release */ = {
			isa = XCBuildConfiguration;
			buildSettings = {
				ALWAYS_SEARCH_USER_PATHS = NO;
				CLANG_ANALYZER_NONNULL = YES;
				CLANG_ANALYZER_NUMBER_OBJECT_CONVERSION = YES_AGGRESSIVE;
				CLANG_CXX_LANGUAGE_STANDARD = "gnu++14";
				CLANG_CXX_LIBRARY = "libc++";
				CLANG_ENABLE_MODULES = YES;
				CLANG_ENABLE_OBJC_ARC = YES;
				CLANG_ENABLE_OBJC_WEAK = YES;
				CLANG_WARN_BLOCK_CAPTURE_AUTORELEASING = YES;
				CLANG_WARN_BOOL_CONVERSION = YES;
				CLANG_WARN_COMMA = YES;
				CLANG_WARN_CONSTANT_CONVERSION = YES;
				CLANG_WARN_DEPRECATED_OBJC_IMPLEMENTATIONS = YES;
				CLANG_WARN_DIRECT_OBJC_ISA_USAGE = YES_ERROR;
				CLANG_WARN_DOCUMENTATION_COMMENTS = YES;
				CLANG_WARN_EMPTY_BODY = YES;
				CLANG_WARN_ENUM_CONVERSION = YES;
				CLANG_WARN_INFINITE_RECURSION = YES;
				CLANG_WARN_INT_CONVERSION = YES;
				CLANG_WARN_NON_LITERAL_NULL_CONVERSION = YES;
				CLANG_WARN_OBJC_IMPLICIT_RETAIN_SELF = YES;
				CLANG_WARN_OBJC_LITERAL_CONVERSION = YES;
				CLANG_WARN_OBJC_ROOT_CLASS = YES_ERROR;
				CLANG_WARN_RANGE_LOOP_ANALYSIS = YES;
				CLANG_WARN_STRICT_PROTOTYPES = YES;
				CLANG_WARN_SUSPICIOUS_MOVE = YES;
				CLANG_WARN_UNGUARDED_AVAILABILITY = YES_AGGRESSIVE;
				CLANG_WARN_UNREACHABLE_CODE = YES;
				CLANG_WARN__DUPLICATE_METHOD_MATCH = YES;
				COPY_PHASE_STRIP = NO;
				DEBUG_INFORMATION_FORMAT = "dwarf-with-dsym";
				ENABLE_NS_ASSERTIONS = NO;
				ENABLE_STRICT_OBJC_MSGSEND = YES;
				GCC_C_LANGUAGE_STANDARD = gnu11;
				GCC_NO_COMMON_BLOCKS = YES;
				GCC_WARN_64_TO_32_BIT_CONVERSION = YES;
				GCC_WARN_ABOUT_RETURN_TYPE = YES_ERROR;
				GCC_WARN_UNDECLARED_SELECTOR = YES;
				GCC_WARN_UNINITIALIZED_AUTOS = YES_AGGRESSIVE;
				GCC_WARN_UNUSED_FUNCTION = YES;
				GCC_WARN_UNUSED_VARIABLE = YES;
				IPHONEOS_DEPLOYMENT_TARGET = 13.4;
				MTL_ENABLE_DEBUG_INFO = NO;
				MTL_FAST_MATH = YES;
				SDKROOT = iphoneos;
				SWIFT_COMPILATION_MODE = wholemodule;
				SWIFT_OPTIMIZATION_LEVEL = "-O";
				VALIDATE_PRODUCT = YES;
			};
			name = Release;
		};
		F5F5948F249272BC00B05445 /* Debug */ = {
			isa = XCBuildConfiguration;
			buildSettings = {
				ASSETCATALOG_COMPILER_APPICON_NAME = AppIcon;
				CODE_SIGN_STYLE = Automatic;
				DEVELOPMENT_ASSET_PATHS = "\"RegistrationFormSwiftUICombine/Preview Content\"";
				DEVELOPMENT_TEAM = D8AAR4F79C;
				ENABLE_PREVIEWS = YES;
				INFOPLIST_FILE = RegistrationFormSwiftUICombine/Info.plist;
				LD_RUNPATH_SEARCH_PATHS = (
					"$(inherited)",
					"@executable_path/Frameworks",
				);
				PRODUCT_BUNDLE_IDENTIFIER = vladpoberezhets.RegistrationFormSwiftUICombine;
				PRODUCT_NAME = "$(TARGET_NAME)";
				SWIFT_VERSION = 5.0;
				TARGETED_DEVICE_FAMILY = "1,2";
			};
			name = Debug;
		};
		F5F59490249272BC00B05445 /* Release */ = {
			isa = XCBuildConfiguration;
			buildSettings = {
				ASSETCATALOG_COMPILER_APPICON_NAME = AppIcon;
				CODE_SIGN_STYLE = Automatic;
				DEVELOPMENT_ASSET_PATHS = "\"RegistrationFormSwiftUICombine/Preview Content\"";
				DEVELOPMENT_TEAM = D8AAR4F79C;
				ENABLE_PREVIEWS = YES;
				INFOPLIST_FILE = RegistrationFormSwiftUICombine/Info.plist;
				LD_RUNPATH_SEARCH_PATHS = (
					"$(inherited)",
					"@executable_path/Frameworks",
				);
				PRODUCT_BUNDLE_IDENTIFIER = vladpoberezhets.RegistrationFormSwiftUICombine;
				PRODUCT_NAME = "$(TARGET_NAME)";
				SWIFT_VERSION = 5.0;
				TARGETED_DEVICE_FAMILY = "1,2";
			};
			name = Release;
		};
/* End XCBuildConfiguration section */

/* Begin XCConfigurationList section */
		F5F59475249272BB00B05445 /* Build configuration list for PBXProject "RegistrationFormSwiftUICombine" */ = {
			isa = XCConfigurationList;
			buildConfigurations = (
				F5F5948C249272BC00B05445 /* Debug */,
				F5F5948D249272BC00B05445 /* Release */,
			);
			defaultConfigurationIsVisible = 0;
			defaultConfigurationName = Release;
		};
		F5F5948E249272BC00B05445 /* Build configuration list for PBXNativeTarget "RegistrationFormSwiftUICombine" */ = {
			isa = XCConfigurationList;
			buildConfigurations = (
				F5F5948F249272BC00B05445 /* Debug */,
				F5F59490249272BC00B05445 /* Release */,
			);
			defaultConfigurationIsVisible = 0;
			defaultConfigurationName = Release;
		};
/* End XCConfigurationList section */
	};
	rootObject = F5F59472249272BB00B05445 /* Project object */;
}
